<?xml version="1.0" encoding="utf-8"?>
<Project ToolsVersion="4.0" xmlns="http://schemas.microsoft.com/developer/msbuild/2003">
  <ItemGroup>
    <Filter Include="Resource Files">
      <UniqueIdentifier>{D9D6E242-F8AF-46E4-B9FD-80ECBC20BA3E}</UniqueIdentifier>
      <Extensions>qrc;*</Extensions>
      <ParseFiles>false</ParseFiles>
    </Filter>
    <Filter Include="utils">
      <UniqueIdentifier>{247f60c0-d8e9-4c14-88ca-642abc196120}</UniqueIdentifier>
    </Filter>
    <Filter Include="main">
      <UniqueIdentifier>{9bd88b0c-202c-41c8-8ff5-d467600b6b70}</UniqueIdentifier>
    </Filter>
    <Filter Include="assembly">
      <UniqueIdentifier>{7e157a22-6035-41c7-9e55-836c66f0f74b}</UniqueIdentifier>
    </Filter>
    <Filter Include="assembly\AsyncDownloader">
      <UniqueIdentifier>{934fa508-26cf-40dd-8e73-41966f548f7a}</UniqueIdentifier>
    </Filter>
    <Filter Include="assembly\TouchedLabel">
      <UniqueIdentifier>{0a3b43fb-137b-413a-852f-1424f3ea21dc}</UniqueIdentifier>
    </Filter>
    <Filter Include="assembly\Login">
      <UniqueIdentifier>{c1d3d0c7-d16d-4c80-8346-8117e6e3c01e}</UniqueIdentifier>
    </Filter>
    <Filter Include="Header Files">
      <UniqueIdentifier>{93995380-89BD-4b04-88EB-625FBE52EBFB}</UniqueIdentifier>
      <Extensions>h;hh;hpp;hxx;hm;inl;inc;xsd</Extensions>
      <ParseFiles>true</ParseFiles>
    </Filter>
    <Filter Include="Source Files">
      <UniqueIdentifier>{4FC737F1-C7A5-4376-A066-2A32D752A2FF}</UniqueIdentifier>
      <Extensions>cpp;c;cc;cxx;def;odl;idl;hpj;bat;asm;asmx</Extensions>
      <ParseFiles>true</ParseFiles>
    </Filter>
    <Filter Include="utils\GeneralSignal">
      <UniqueIdentifier>{0c9f37de-a34c-4693-bc6a-c7a945a7b470}</UniqueIdentifier>
    </Filter>
    <Filter Include="assembly\PasswordEdit">
      <UniqueIdentifier>{4a13498e-f27c-4be0-a1a1-3e8610f8425a}</UniqueIdentifier>
    </Filter>
    <Filter Include="assembly\TouchedLineEdit">
      <UniqueIdentifier>{327be1f6-e013-4bcc-8d86-4a1243969196}</UniqueIdentifier>
    </Filter>
  </ItemGroup>
  <ItemGroup>
    <QtRcc Include="LiveLoginDialog.qrc">
      <Filter>assembly\Login</Filter>
    </QtRcc>
  </ItemGroup>
  <ItemGroup>
    <ClCompile Include="LiveLoginDialog.cpp">
      <Filter>assembly\Login</Filter>
    </ClCompile>
    <ClCompile Include="utils.cpp">
      <Filter>utils</Filter>
    </ClCompile>
    <ClCompile Include="TouchedLabel.cpp">
      <Filter>assembly\TouchedLabel</Filter>
    </ClCompile>
    <ClCompile Include="AsyncDownloader.cpp">
      <Filter>assembly\AsyncDownloader</Filter>
    </ClCompile>
    <ClCompile Include="LivePlatform.cpp">
      <Filter>main</Filter>
    </ClCompile>
    <ClCompile Include="main.cpp">
      <Filter>main</Filter>
    </ClCompile>
    <ClCompile Include="PasswordEdit.cpp">
      <Filter>assembly\PasswordEdit</Filter>
    </ClCompile>
    <ClCompile Include="TouchedLineEdit.cpp">
      <Filter>assembly\TouchedLineEdit</Filter>
    </ClCompile>
  </ItemGroup>
  <ItemGroup>
    <QtUic Include="LiveLoginDialog.ui">
      <Filter>assembly\Login</Filter>
    </QtUic>
    <QtUic Include="LivePlatform.ui">
      <Filter>main</Filter>
    </QtUic>
  </ItemGroup>
  <ItemGroup>
    <QtMoc Include="LiveLoginDialog.h">
      <Filter>assembly\Login</Filter>
    </QtMoc>
    <QtMoc Include="TouchedLabel.h">
      <Filter>assembly\TouchedLabel</Filter>
    </QtMoc>
    <QtMoc Include="AsyncDownloader.h">
      <Filter>assembly\AsyncDownloader</Filter>
    </QtMoc>
    <QtMoc Include="LivePlatform.h">
      <Filter>main</Filter>
    </QtMoc>
    <QtMoc Include="GeneralSignal.h">
      <Filter>utils\GeneralSignal</Filter>
    </QtMoc>
    <QtMoc Include="PasswordEdit.h">
      <Filter>assembly\PasswordEdit</Filter>
    </QtMoc>
    <QtMoc Include="TouchedLineEdit.h">
      <Filter>assembly\TouchedLineEdit</Filter>
    </QtMoc>
  </ItemGroup>
  <ItemGroup>
    <ClInclude Include="utils.h">
      <Filter>utils</Filter>
    </ClInclude>
  </ItemGroup>
  <ItemGroup>
    <QtRcc Include="LivePlatform.qrc">
      <Filter>main</Filter>
    </QtRcc>
  </ItemGroup>
</Project>