<?xml version="1.0" encoding="utf-8"?>
<Project ToolsVersion="4.0" xmlns="http://schemas.microsoft.com/developer/msbuild/2003">
  <ItemGroup>
    <Filter Include="Source Files">
      <UniqueIdentifier>{4FC737F1-C7A5-4376-A066-2A32D752A2FF}</UniqueIdentifier>
      <Extensions>cpp;c;cc;cxx;def;odl;idl;hpj;bat;asm;asmx</Extensions>
    </Filter>
    <Filter Include="Header Files">
      <UniqueIdentifier>{93995380-89BD-4b04-88EB-625FBE52EBFB}</UniqueIdentifier>
      <Extensions>h;hh;hpp;hxx;hm;inl;inc;xsd</Extensions>
    </Filter>
    <Filter Include="Resource Files">
      <UniqueIdentifier>{67DA6AB6-F800-4c08-8B7A-83BB121AAD01}</UniqueIdentifier>
      <Extensions>rc;ico;cur;bmp;dlg;rc2;rct;bin;rgs;gif;jpg;jpeg;jpe;resx;tiff;tif;png;wav;mfcribbon-ms</Extensions>
    </Filter>
    <Filter Include="Form Files">
      <UniqueIdentifier>{99349809-55BA-4b9d-BF79-8FDBB0286EB3}</UniqueIdentifier>
      <Extensions>ui</Extensions>
    </Filter>
    <Filter Include="Resource Files">
      <UniqueIdentifier>{D9D6E242-F8AF-46E4-B9FD-80ECBC20BA3E}</UniqueIdentifier>
      <Extensions>qrc;*</Extensions>
      <ParseFiles>false</ParseFiles>
    </Filter>
    <Filter Include="Login">
      <UniqueIdentifier>{c1d3d0c7-d16d-4c80-8346-8117e6e3c01e}</UniqueIdentifier>
    </Filter>
    <Filter Include="utils">
      <UniqueIdentifier>{247f60c0-d8e9-4c14-88ca-642abc196120}</UniqueIdentifier>
    </Filter>
    <Filter Include="TouchedLabel">
      <UniqueIdentifier>{0a3b43fb-137b-413a-852f-1424f3ea21dc}</UniqueIdentifier>
    </Filter>
  </ItemGroup>
  <ItemGroup>
    <QtRcc Include="LivePlatform.qrc">
      <Filter>Resource Files</Filter>
    </QtRcc>
    <QtUic Include="LivePlatform.ui">
      <Filter>Resource Files</Filter>
    </QtUic>
    <QtMoc Include="LivePlatform.h">
      <Filter>Header Files</Filter>
    </QtMoc>
    <ClCompile Include="LivePlatform.cpp">
      <Filter>Source Files</Filter>
    </ClCompile>
    <QtRcc Include="LiveLoginDialog.qrc">
      <Filter>Login</Filter>
    </QtRcc>
  </ItemGroup>
  <ItemGroup>
    <ClCompile Include="main.cpp">
      <Filter>Source Files</Filter>
    </ClCompile>
    <ClCompile Include="LiveLoginDialog.cpp">
      <Filter>Login</Filter>
    </ClCompile>
    <ClCompile Include="utils.cpp">
      <Filter>utils</Filter>
    </ClCompile>
    <ClCompile Include="TouchedLabel.cpp">
      <Filter>TouchedLabel</Filter>
    </ClCompile>
  </ItemGroup>
  <ItemGroup>
    <QtUic Include="LiveLoginDialog.ui">
      <Filter>Login</Filter>
    </QtUic>
  </ItemGroup>
  <ItemGroup>
    <QtMoc Include="LiveLoginDialog.h">
      <Filter>Login</Filter>
    </QtMoc>
    <QtMoc Include="TouchedLabel.h">
      <Filter>TouchedLabel</Filter>
    </QtMoc>
  </ItemGroup>
  <ItemGroup>
    <ClInclude Include="TimeStampToken.h">
      <Filter>utils</Filter>
    </ClInclude>
    <ClInclude Include="utils.h">
      <Filter>utils</Filter>
    </ClInclude>
  </ItemGroup>
</Project>