<?xml version="1.0" encoding="utf-8"?>
<Project ToolsVersion="4.0" xmlns="http://schemas.microsoft.com/developer/msbuild/2003">
  <ItemGroup>
    <Filter Include="Resource Files">
      <UniqueIdentifier>{D9D6E242-F8AF-46E4-B9FD-80ECBC20BA3E}</UniqueIdentifier>
      <Extensions>qrc;*</Extensions>
      <ParseFiles>false</ParseFiles>
    </Filter>
    <Filter Include="utils">
      <UniqueIdentifier>{247f60c0-d8e9-4c14-88ca-642abc196120}</UniqueIdentifier>
    </Filter>
    <Filter Include="main">
      <UniqueIdentifier>{9bd88b0c-202c-41c8-8ff5-d467600b6b70}</UniqueIdentifier>
    </Filter>
    <Filter Include="assembly">
      <UniqueIdentifier>{7e157a22-6035-41c7-9e55-836c66f0f74b}</UniqueIdentifier>
    </Filter>
    <Filter Include="assembly\AsyncDownloader">
      <UniqueIdentifier>{934fa508-26cf-40dd-8e73-41966f548f7a}</UniqueIdentifier>
    </Filter>
    <Filter Include="assembly\TouchedLabel">
      <UniqueIdentifier>{0a3b43fb-137b-413a-852f-1424f3ea21dc}</UniqueIdentifier>
    </Filter>
    <Filter Include="assembly\Login">
      <UniqueIdentifier>{c1d3d0c7-d16d-4c80-8346-8117e6e3c01e}</UniqueIdentifier>
    </Filter>
    <Filter Include="Header Files">
      <UniqueIdentifier>{93995380-89BD-4b04-88EB-625FBE52EBFB}</UniqueIdentifier>
      <Extensions>h;hh;hpp;hxx;hm;inl;inc;xsd</Extensions>
      <ParseFiles>true</ParseFiles>
    </Filter>
    <Filter Include="Source Files">
      <UniqueIdentifier>{4FC737F1-C7A5-4376-A066-2A32D752A2FF}</UniqueIdentifier>
      <Extensions>cpp;c;cc;cxx;def;odl;idl;hpj;bat;asm;asmx</Extensions>
      <ParseFiles>true</ParseFiles>
    </Filter>
    <Filter Include="utils\GeneralSignal">
      <UniqueIdentifier>{0c9f37de-a34c-4693-bc6a-c7a945a7b470}</UniqueIdentifier>
    </Filter>
    <Filter Include="assembly\PasswordEdit">
      <UniqueIdentifier>{4a13498e-f27c-4be0-a1a1-3e8610f8425a}</UniqueIdentifier>
    </Filter>
    <Filter Include="assembly\TouchedLineEdit">
      <UniqueIdentifier>{327be1f6-e013-4bcc-8d86-4a1243969196}</UniqueIdentifier>
    </Filter>
    <Filter Include="assembly\Dragable">
      <UniqueIdentifier>{04e348ec-4adf-4acb-a892-0ae31baf6f00}</UniqueIdentifier>
    </Filter>
    <Filter Include="assembly\Dragable\DragableWidget">
      <UniqueIdentifier>{5c586075-f1a3-406d-8647-2fb4c18c3379}</UniqueIdentifier>
    </Filter>
    <Filter Include="assembly\Dragable\DragableMainWindow">
      <UniqueIdentifier>{56dcbea9-f8ec-4725-aaba-37f80901bfad}</UniqueIdentifier>
    </Filter>
    <Filter Include="assembly\Dragable\DragableDialog">
      <UniqueIdentifier>{9f7996de-4a7a-4e62-b15d-a86100e0ad0b}</UniqueIdentifier>
    </Filter>
    <Filter Include="assembly\Plugin">
      <UniqueIdentifier>{61825bb0-52d4-4a3f-b136-702edfe31346}</UniqueIdentifier>
    </Filter>
    <Filter Include="assembly\ShadowWidget">
      <UniqueIdentifier>{f5f41afe-a2b3-4b57-87ce-979ef6aba006}</UniqueIdentifier>
    </Filter>
    <Filter Include="Form Files">
      <UniqueIdentifier>{99349809-55BA-4b9d-BF79-8FDBB0286EB3}</UniqueIdentifier>
      <Extensions>ui</Extensions>
      <ParseFiles>true</ParseFiles>
    </Filter>
    <Filter Include="assembly\Login\SettingDialog">
      <UniqueIdentifier>{03b55f1f-cf87-4366-a0bd-f58061c02b4b}</UniqueIdentifier>
    </Filter>
    <Filter Include="assembly\WidgetConfigInfo">
      <UniqueIdentifier>{64b22f9c-c7db-454e-8741-5948a04e0e99}</UniqueIdentifier>
    </Filter>
  </ItemGroup>
  <ItemGroup>
    <QtRcc Include="LiveLoginDialog.qrc">
      <Filter>assembly\Login</Filter>
    </QtRcc>
  </ItemGroup>
  <ItemGroup>
    <ClCompile Include="LiveLoginDialog.cpp">
      <Filter>assembly\Login</Filter>
    </ClCompile>
    <ClCompile Include="utils.cpp">
      <Filter>utils</Filter>
    </ClCompile>
    <ClCompile Include="TouchedLabel.cpp">
      <Filter>assembly\TouchedLabel</Filter>
    </ClCompile>
    <ClCompile Include="AsyncDownloader.cpp">
      <Filter>assembly\AsyncDownloader</Filter>
    </ClCompile>
    <ClCompile Include="LivePlatform.cpp">
      <Filter>main</Filter>
    </ClCompile>
    <ClCompile Include="main.cpp">
      <Filter>main</Filter>
    </ClCompile>
    <ClCompile Include="PasswordEdit.cpp">
      <Filter>assembly\PasswordEdit</Filter>
    </ClCompile>
    <ClCompile Include="TouchedLineEdit.cpp">
      <Filter>assembly\TouchedLineEdit</Filter>
    </ClCompile>
    <ClCompile Include="DragableDialog.cpp">
      <Filter>assembly\Dragable\DragableDialog</Filter>
    </ClCompile>
    <ClCompile Include="DragableMainWindow.cpp">
      <Filter>assembly\Dragable\DragableMainWindow</Filter>
    </ClCompile>
    <ClCompile Include="DragableWidget.cpp">
      <Filter>assembly\Dragable\DragableWidget</Filter>
    </ClCompile>
    <ClCompile Include="BaseWidget.cpp">
      <Filter>assembly\Plugin</Filter>
    </ClCompile>
    <ClCompile Include="BaseDialog.cpp">
      <Filter>assembly\Plugin</Filter>
    </ClCompile>
    <ClCompile Include="BaseMainWindow.cpp">
      <Filter>assembly\Plugin</Filter>
    </ClCompile>
    <ClCompile Include="ShadowWidget.cpp">
      <Filter>assembly\ShadowWidget</Filter>
    </ClCompile>
    <ClCompile Include="LiveLoginSettingDialog.cpp">
      <Filter>assembly\Login\SettingDialog</Filter>
    </ClCompile>
    <ClCompile Include="WidgetConfigInfo.cpp">
      <Filter>assembly\WidgetConfigInfo</Filter>
    </ClCompile>
  </ItemGroup>
  <ItemGroup>
    <QtUic Include="LiveLoginDialog.ui">
      <Filter>assembly\Login</Filter>
    </QtUic>
    <QtUic Include="LivePlatform.ui">
      <Filter>main</Filter>
    </QtUic>
    <QtUic Include="LiveLoginSettingDialog.ui">
      <Filter>assembly\Login\SettingDialog</Filter>
    </QtUic>
  </ItemGroup>
  <ItemGroup>
    <QtMoc Include="LiveLoginDialog.h">
      <Filter>assembly\Login</Filter>
    </QtMoc>
    <QtMoc Include="TouchedLabel.h">
      <Filter>assembly\TouchedLabel</Filter>
    </QtMoc>
    <QtMoc Include="AsyncDownloader.h">
      <Filter>assembly\AsyncDownloader</Filter>
    </QtMoc>
    <QtMoc Include="LivePlatform.h">
      <Filter>main</Filter>
    </QtMoc>
    <QtMoc Include="GeneralSignal.h">
      <Filter>utils\GeneralSignal</Filter>
    </QtMoc>
    <QtMoc Include="PasswordEdit.h">
      <Filter>assembly\PasswordEdit</Filter>
    </QtMoc>
    <QtMoc Include="TouchedLineEdit.h">
      <Filter>assembly\TouchedLineEdit</Filter>
    </QtMoc>
    <QtMoc Include="BaseWidget.h">
      <Filter>assembly\Plugin</Filter>
    </QtMoc>
    <QtMoc Include="BaseDialog.h">
      <Filter>assembly\Plugin</Filter>
    </QtMoc>
    <QtMoc Include="BaseMainWindow.h">
      <Filter>assembly\Plugin</Filter>
    </QtMoc>
    <QtMoc Include="ShadowWidget.h">
      <Filter>assembly\ShadowWidget</Filter>
    </QtMoc>
    <QtMoc Include="LiveLoginSettingDialog.h">
      <Filter>assembly\Login\SettingDialog</Filter>
    </QtMoc>
  </ItemGroup>
  <ItemGroup>
    <ClInclude Include="utils.h">
      <Filter>utils</Filter>
    </ClInclude>
    <ClInclude Include="DragableDialog.h">
      <Filter>assembly\Dragable\DragableDialog</Filter>
    </ClInclude>
    <ClInclude Include="DragableMainWindow.h">
      <Filter>assembly\Dragable\DragableMainWindow</Filter>
    </ClInclude>
    <ClInclude Include="DragableWidget.h">
      <Filter>assembly\Dragable\DragableWidget</Filter>
    </ClInclude>
    <ClInclude Include="BaseWidgetInterface.h">
      <Filter>assembly\Plugin</Filter>
    </ClInclude>
    <ClInclude Include="WidgetConfigInfo.h">
      <Filter>assembly\WidgetConfigInfo</Filter>
    </ClInclude>
  </ItemGroup>
  <ItemGroup>
    <QtRcc Include="LivePlatform.qrc">
      <Filter>main</Filter>
    </QtRcc>
  </ItemGroup>
  <ItemGroup>
    <None Include="users.json">
      <Filter>Resource Files</Filter>
    </None>
    <None Include="application.json">
      <Filter>Resource Files</Filter>
    </None>
  </ItemGroup>
</Project>