
Microsoft Visual Studio Solution File, Format Version 12.00
# Visual Studio Version 16
VisualStudioVersion = 16.0.30503.244
MinimumVisualStudioVersion = 10.0.40219.1
Project("{8BC9CEB8-8B4A-11D0-8D11-00A0C91BC942}") = "LiveLoginUnit", "LiveLoginUnit\LiveLoginUnit.vcxproj", "{CDBDF49B-308F-4E71-A553-0C93684C2425}"
EndProject
Project("{8BC9CEB8-8B4A-11D0-8D11-00A0C91BC942}") = "ConnectionPoolUnit", "ConnectionPoolUnit\ConnectionPoolUnit.vcxproj", "{98228768-47B0-4212-9768-99D2CD3EE71A}"
EndProject
Project("{8BC9CEB8-8B4A-11D0-8D11-00A0C91BC942}") = "LiveBroadcastUnit", "LiveBroadcastUnit\LiveBroadcastUnit.vcxproj", "{D1DC0ECD-0566-4C45-B028-AA68F77B828D}"
EndProject
Project("{8BC9CEB8-8B4A-11D0-8D11-00A0C91BC942}") = "PilipiliLivePlatform", "PilipiliLivePlatform\PilipiliLivePlatform.vcxproj", "{E3D78B07-450D-464F-9692-2D4C6098931F}"
EndProject
Project("{8BC9CEB8-8B4A-11D0-8D11-00A0C91BC942}") = "QtHttpDownloader", "QtHttpDownloader\QtHttpDownloader.vcxproj", "{3064A1C9-A44E-4CE2-92CB-245FBDA2B5FD}"
EndProject
Project("{2150E333-8FDC-42A3-9474-1A3956D46DE8}") = "Proj4Test", "Proj4Test", "{8BB49D52-C5E4-4F2E-B41F-D5717B50DDCB}"
EndProject
Project("{8BC9CEB8-8B4A-11D0-8D11-00A0C91BC942}") = "LiveServerTestDemo", "LiveServerTestDemo\LiveServerTestDemo.vcxproj", "{6A0B0F2E-4C46-498A-8A97-D583E954D62A}"
EndProject
Project("{8BC9CEB8-8B4A-11D0-8D11-00A0C91BC942}") = "ShadowWindowDemo", "ShadowWindowDemo\ShadowWindowDemo.vcxproj", "{334349D6-DBE9-4827-9108-BC758CCAAD79}"
EndProject
Global
	GlobalSection(SolutionConfigurationPlatforms) = preSolution
		Debug|x64 = Debug|x64
		Debug|x86 = Debug|x86
		Release|x64 = Release|x64
		Release|x86 = Release|x86
	EndGlobalSection
	GlobalSection(ProjectConfigurationPlatforms) = postSolution
		{CDBDF49B-308F-4E71-A553-0C93684C2425}.Debug|x64.ActiveCfg = Debug|x64
		{CDBDF49B-308F-4E71-A553-0C93684C2425}.Debug|x64.Build.0 = Debug|x64
		{CDBDF49B-308F-4E71-A553-0C93684C2425}.Debug|x86.ActiveCfg = Debug|x64
		{CDBDF49B-308F-4E71-A553-0C93684C2425}.Release|x64.ActiveCfg = Release|x64
		{CDBDF49B-308F-4E71-A553-0C93684C2425}.Release|x64.Build.0 = Release|x64
		{CDBDF49B-308F-4E71-A553-0C93684C2425}.Release|x86.ActiveCfg = Release|x64
		{98228768-47B0-4212-9768-99D2CD3EE71A}.Debug|x64.ActiveCfg = Debug|x64
		{98228768-47B0-4212-9768-99D2CD3EE71A}.Debug|x64.Build.0 = Debug|x64
		{98228768-47B0-4212-9768-99D2CD3EE71A}.Debug|x86.ActiveCfg = Debug|Win32
		{98228768-47B0-4212-9768-99D2CD3EE71A}.Debug|x86.Build.0 = Debug|Win32
		{98228768-47B0-4212-9768-99D2CD3EE71A}.Release|x64.ActiveCfg = Release|x64
		{98228768-47B0-4212-9768-99D2CD3EE71A}.Release|x64.Build.0 = Release|x64
		{98228768-47B0-4212-9768-99D2CD3EE71A}.Release|x86.ActiveCfg = Release|Win32
		{98228768-47B0-4212-9768-99D2CD3EE71A}.Release|x86.Build.0 = Release|Win32
		{D1DC0ECD-0566-4C45-B028-AA68F77B828D}.Debug|x64.ActiveCfg = Debug|x64
		{D1DC0ECD-0566-4C45-B028-AA68F77B828D}.Debug|x64.Build.0 = Debug|x64
		{D1DC0ECD-0566-4C45-B028-AA68F77B828D}.Debug|x86.ActiveCfg = Debug|x64
		{D1DC0ECD-0566-4C45-B028-AA68F77B828D}.Release|x64.ActiveCfg = Release|x64
		{D1DC0ECD-0566-4C45-B028-AA68F77B828D}.Release|x64.Build.0 = Release|x64
		{D1DC0ECD-0566-4C45-B028-AA68F77B828D}.Release|x86.ActiveCfg = Release|x64
		{E3D78B07-450D-464F-9692-2D4C6098931F}.Debug|x64.ActiveCfg = Debug|x64
		{E3D78B07-450D-464F-9692-2D4C6098931F}.Debug|x64.Build.0 = Debug|x64
		{E3D78B07-450D-464F-9692-2D4C6098931F}.Debug|x86.ActiveCfg = Debug|x64
		{E3D78B07-450D-464F-9692-2D4C6098931F}.Release|x64.ActiveCfg = Release|x64
		{E3D78B07-450D-464F-9692-2D4C6098931F}.Release|x64.Build.0 = Release|x64
		{E3D78B07-450D-464F-9692-2D4C6098931F}.Release|x86.ActiveCfg = Release|x64
		{3064A1C9-A44E-4CE2-92CB-245FBDA2B5FD}.Debug|x64.ActiveCfg = Debug|x64
		{3064A1C9-A44E-4CE2-92CB-245FBDA2B5FD}.Debug|x64.Build.0 = Debug|x64
		{3064A1C9-A44E-4CE2-92CB-245FBDA2B5FD}.Debug|x86.ActiveCfg = Debug|x64
		{3064A1C9-A44E-4CE2-92CB-245FBDA2B5FD}.Release|x64.ActiveCfg = Release|x64
		{3064A1C9-A44E-4CE2-92CB-245FBDA2B5FD}.Release|x64.Build.0 = Release|x64
		{3064A1C9-A44E-4CE2-92CB-245FBDA2B5FD}.Release|x86.ActiveCfg = Release|x64
		{6A0B0F2E-4C46-498A-8A97-D583E954D62A}.Debug|x64.ActiveCfg = Debug|x64
		{6A0B0F2E-4C46-498A-8A97-D583E954D62A}.Debug|x64.Build.0 = Debug|x64
		{6A0B0F2E-4C46-498A-8A97-D583E954D62A}.Debug|x86.ActiveCfg = Debug|Win32
		{6A0B0F2E-4C46-498A-8A97-D583E954D62A}.Debug|x86.Build.0 = Debug|Win32
		{6A0B0F2E-4C46-498A-8A97-D583E954D62A}.Release|x64.ActiveCfg = Release|x64
		{6A0B0F2E-4C46-498A-8A97-D583E954D62A}.Release|x64.Build.0 = Release|x64
		{6A0B0F2E-4C46-498A-8A97-D583E954D62A}.Release|x86.ActiveCfg = Release|Win32
		{6A0B0F2E-4C46-498A-8A97-D583E954D62A}.Release|x86.Build.0 = Release|Win32
		{334349D6-DBE9-4827-9108-BC758CCAAD79}.Debug|x64.ActiveCfg = Debug|x64
		{334349D6-DBE9-4827-9108-BC758CCAAD79}.Debug|x64.Build.0 = Debug|x64
		{334349D6-DBE9-4827-9108-BC758CCAAD79}.Debug|x86.ActiveCfg = Debug|x64
		{334349D6-DBE9-4827-9108-BC758CCAAD79}.Release|x64.ActiveCfg = Release|x64
		{334349D6-DBE9-4827-9108-BC758CCAAD79}.Release|x64.Build.0 = Release|x64
		{334349D6-DBE9-4827-9108-BC758CCAAD79}.Release|x86.ActiveCfg = Release|x64
	EndGlobalSection
	GlobalSection(SolutionProperties) = preSolution
		HideSolutionNode = FALSE
	EndGlobalSection
	GlobalSection(NestedProjects) = preSolution
		{CDBDF49B-308F-4E71-A553-0C93684C2425} = {8BB49D52-C5E4-4F2E-B41F-D5717B50DDCB}
		{98228768-47B0-4212-9768-99D2CD3EE71A} = {8BB49D52-C5E4-4F2E-B41F-D5717B50DDCB}
		{D1DC0ECD-0566-4C45-B028-AA68F77B828D} = {8BB49D52-C5E4-4F2E-B41F-D5717B50DDCB}
		{3064A1C9-A44E-4CE2-92CB-245FBDA2B5FD} = {8BB49D52-C5E4-4F2E-B41F-D5717B50DDCB}
		{334349D6-DBE9-4827-9108-BC758CCAAD79} = {8BB49D52-C5E4-4F2E-B41F-D5717B50DDCB}
	EndGlobalSection
	GlobalSection(ExtensibilityGlobals) = postSolution
		SolutionGuid = {DD7B09D5-9174-4A5C-AEBD-94FCF03155DA}
	EndGlobalSection
EndGlobal
